
Microsoft Visual Studio Solution File, Format Version 12.00
# Visual Studio Version 17
VisualStudioVersion = 17.2.32526.322
MinimumVisualStudioVersion = 10.0.40219.1
Project("{9A19103F-16F7-4668-BE54-9A1E7A4F7556}") = "ShoppingWeb", "ShoppingWeb\ShoppingWeb.csproj", "{16D8188B-F944-4308-9F2F-44BA5F8869A8}"
EndProject
Project("{9A19103F-16F7-4668-BE54-9A1E7A4F7556}") = "WebDataLayer", "WebDataLayer\WebDataLayer.csproj", "{EC086617-27A7-4D82-B1B6-6797283881B6}"
EndProject
Project("{FAE04EC0-301F-11D3-BF4B-00C04F79EFBC}") = "WebMVC", "WebMVC\WebMVC.csproj", "{4A0CDE7E-8B9B-432E-82B3-53774F0FC9A1}"
EndProject
Global
	GlobalSection(SolutionConfigurationPlatforms) = preSolution
		Debug|Any CPU = Debug|Any CPU
		Release|Any CPU = Release|Any CPU
	EndGlobalSection
	GlobalSection(ProjectConfigurationPlatforms) = postSolution
		{16D8188B-F944-4308-9F2F-44BA5F8869A8}.Debug|Any CPU.ActiveCfg = Debug|Any CPU
		{16D8188B-F944-4308-9F2F-44BA5F8869A8}.Debug|Any CPU.Build.0 = Debug|Any CPU
		{16D8188B-F944-4308-9F2F-44BA5F8869A8}.Release|Any CPU.ActiveCfg = Release|Any CPU
		{16D8188B-F944-4308-9F2F-44BA5F8869A8}.Release|Any CPU.Build.0 = Release|Any CPU
		{EC086617-27A7-4D82-B1B6-6797283881B6}.Debug|Any CPU.ActiveCfg = Debug|Any CPU
		{EC086617-27A7-4D82-B1B6-6797283881B6}.Debug|Any CPU.Build.0 = Debug|Any CPU
		{EC086617-27A7-4D82-B1B6-6797283881B6}.Release|Any CPU.ActiveCfg = Release|Any CPU
		{EC086617-27A7-4D82-B1B6-6797283881B6}.Release|Any CPU.Build.0 = Release|Any CPU
		{4A0CDE7E-8B9B-432E-82B3-53774F0FC9A1}.Debug|Any CPU.ActiveCfg = Debug|Any CPU
		{4A0CDE7E-8B9B-432E-82B3-53774F0FC9A1}.Debug|Any CPU.Build.0 = Debug|Any CPU
		{4A0CDE7E-8B9B-432E-82B3-53774F0FC9A1}.Release|Any CPU.ActiveCfg = Release|Any CPU
		{4A0CDE7E-8B9B-432E-82B3-53774F0FC9A1}.Release|Any CPU.Build.0 = Release|Any CPU
	EndGlobalSection
	GlobalSection(SolutionProperties) = preSolution
		HideSolutionNode = FALSE
	EndGlobalSection
	GlobalSection(ExtensibilityGlobals) = postSolution
		SolutionGuid = {E75ED3DE-DA92-4554-B6E3-EA9697BC7359}
	EndGlobalSection
EndGlobal
